
Microsoft Visual Studio Solution File, Format Version 12.00
# Visual Studio Version 17
VisualStudioVersion = 17.9.34701.34
MinimumVisualStudioVersion = 10.0.40219.1
Project("{FAE04EC0-301F-11D3-BF4B-00C04F79EFBC}") = "EMDR42Chat.API", "EMDR42Chat.API\EMDR42Chat.API.csproj", "{1AE76703-E67B-4420-9874-1305148DB181}"
EndProject
Project("{FAE04EC0-301F-11D3-BF4B-00C04F79EFBC}") = "EMDR42Chat.Infrastructure", "EMDR42Chat.Infrastructure\EMDR42Chat.Infrastructure.csproj", "{F15D0D3A-F0FA-481A-9EC4-DD6F103C60C1}"
EndProject
Project("{FAE04EC0-301F-11D3-BF4B-00C04F79EFBC}") = "EMDR42Chat.Domain", "EMDR42Chat.Domain\EMDR42Chat.Domain.csproj", "{97434B70-A85C-46AF-AB8A-AE4F3916DC4F}"
EndProject
Global
	GlobalSection(SolutionConfigurationPlatforms) = preSolution
		Debug|Any CPU = Debug|Any CPU
		Release|Any CPU = Release|Any CPU
	EndGlobalSection
	GlobalSection(ProjectConfigurationPlatforms) = postSolution
		{1AE76703-E67B-4420-9874-1305148DB181}.Debug|Any CPU.ActiveCfg = Debug|Any CPU
		{1AE76703-E67B-4420-9874-1305148DB181}.Debug|Any CPU.Build.0 = Debug|Any CPU
		{1AE76703-E67B-4420-9874-1305148DB181}.Release|Any CPU.ActiveCfg = Release|Any CPU
		{1AE76703-E67B-4420-9874-1305148DB181}.Release|Any CPU.Build.0 = Release|Any CPU
		{F15D0D3A-F0FA-481A-9EC4-DD6F103C60C1}.Debug|Any CPU.ActiveCfg = Debug|Any CPU
		{F15D0D3A-F0FA-481A-9EC4-DD6F103C60C1}.Debug|Any CPU.Build.0 = Debug|Any CPU
		{F15D0D3A-F0FA-481A-9EC4-DD6F103C60C1}.Release|Any CPU.ActiveCfg = Release|Any CPU
		{F15D0D3A-F0FA-481A-9EC4-DD6F103C60C1}.Release|Any CPU.Build.0 = Release|Any CPU
		{97434B70-A85C-46AF-AB8A-AE4F3916DC4F}.Debug|Any CPU.ActiveCfg = Debug|Any CPU
		{97434B70-A85C-46AF-AB8A-AE4F3916DC4F}.Debug|Any CPU.Build.0 = Debug|Any CPU
		{97434B70-A85C-46AF-AB8A-AE4F3916DC4F}.Release|Any CPU.ActiveCfg = Release|Any CPU
		{97434B70-A85C-46AF-AB8A-AE4F3916DC4F}.Release|Any CPU.Build.0 = Release|Any CPU
	EndGlobalSection
	GlobalSection(SolutionProperties) = preSolution
		HideSolutionNode = FALSE
	EndGlobalSection
	GlobalSection(ExtensibilityGlobals) = postSolution
		SolutionGuid = {D2580313-E5E4-430D-80CB-46E214C6A2C3}
	EndGlobalSection
EndGlobal
